
Microsoft Visual Studio Solution File, Format Version 12.00
# Visual Studio Version 16
VisualStudioVersion = 16.0.810.13
MinimumVisualStudioVersion = 10.0.40219.1
Project("{FAE04EC0-301F-11D3-BF4B-00C04F79EFBC}") = "Play.Service", "Play.Service\Play.Service.csproj", "{FF493E9A-6B14-4B79-A998-27E0227AEEA5}"
EndProject
Global
	GlobalSection(SolutionConfigurationPlatforms) = preSolution
		Debug|Any CPU = Debug|Any CPU
		Release|Any CPU = Release|Any CPU
	EndGlobalSection
	GlobalSection(ProjectConfigurationPlatforms) = postSolution
		{FF493E9A-6B14-4B79-A998-27E0227AEEA5}.Debug|Any CPU.ActiveCfg = Debug|Any CPU
		{FF493E9A-6B14-4B79-A998-27E0227AEEA5}.Debug|Any CPU.Build.0 = Debug|Any CPU
		{FF493E9A-6B14-4B79-A998-27E0227AEEA5}.Release|Any CPU.ActiveCfg = Release|Any CPU
		{FF493E9A-6B14-4B79-A998-27E0227AEEA5}.Release|Any CPU.Build.0 = Release|Any CPU
	EndGlobalSection
	GlobalSection(SolutionProperties) = preSolution
		HideSolutionNode = FALSE
	EndGlobalSection
	GlobalSection(ExtensibilityGlobals) = postSolution
		SolutionGuid = {6C7F82F8-E877-4EBD-816C-97C83599BC5D}
	EndGlobalSection
EndGlobal
